{
  "version": 4,
  "terraform_version": "1.15.8",
  "serial": 5,
  "lineage": "f2b3deb5-3cea-d5d5-cf18-fc54a904bb8d",
  "outputs": {},
  "resources": [
    {
      "mode": "managed",
      "type": "local_file",
      "name": "my_file",
      "provider": "provider[\"registry.terraform.io/hashicorp/local\"]",
      "instances": [
        {
          "schema_version": 0,
          "attributes": {
            "content": "This is file made using terraform",
            "content_base64": null,
            "content_base64sha256": "wl7EKb7vEyVpWk88ynkW1oCxaZLLk4W5QbBHiwF+09s=",
            "content_base64sha512": "I9rwqGsRBMK8wZEvxhponx8lC8pQKaHx8p6tsc4POCuk2ZgE0ifes9pfbem9+PIdMRXj8BnNQq9FkIm7hcYu/w==",
            "content_md5": "324edc703daf28643c442ad00a176413",
            "content_sha1": "07dbad5e2f19c05a418054c1b307346538eca1c1",
            "content_sha256": "c25ec429beef1325695a4f3cca7916d680b16992cb9385b941b0478b017ed3db",
            "content_sha512": "23daf0a86b1104c2bcc1912fc61a689f1f250bca5029a1f1f29eadb1ce0f382ba4d99804d227deb3da5f6de9bdf8f21d3115e3f019cd42af459089bb85c62eff",
            "directory_permission": "0777",
            "file_permission": "0777",
            "filename": "automate.txt",
            "id": "07dbad5e2f19c05a418054c1b307346538eca1c1",
            "sensitive_content": null,
            "source": null
          },
          "sensitive_attributes": [
            [
              {
                "type": "get_attr",
                "value": "sensitive_content"
              }
            ]
          ],
          "identity_schema_version": 0
        }
      ]
    }
  ],
  "check_results": null
}
